// !$*UTF8*$!
{
	archiveVersion = 1;
	classes = {
	};
	objectVersion = 46;
	objects = {

/* Begin PBXBuildFile section */
		5F24679C1E382C75006262BF /* AppDelegate.swift in Sources */ = {isa = PBXBuildFile; fileRef = 5F24679B1E382C75006262BF /* AppDelegate.swift */; };
		5F24679E1E382C75006262BF /* ViewController.swift in Sources */ = {isa = PBXBuildFile; fileRef = 5F24679D1E382C75006262BF /* ViewController.swift */; };
		5F2467A11E382C75006262BF /* Main.storyboard in Resources */ = {isa = PBXBuildFile; fileRef = 5F24679F1E382C75006262BF /* Main.storyboard */; };
		5F2467A31E382C75006262BF /* Assets.xcassets in Resources */ = {isa = PBXBuildFile; fileRef = 5F2467A21E382C75006262BF /* Assets.xcassets */; };
		5F2467A61E382C75006262BF /* LaunchScreen.storyboard in Resources */ = {isa = PBXBuildFile; fileRef = 5F2467A41E382C75006262BF /* LaunchScreen.storyboard */; };
/* End PBXBuildFile section */

/* Begin PBXFileReference section */
		5F2467981E382C75006262BF /* SaveTheKitchen.app */ = {isa = PBXFileReference; explicitFileType = wrapper.application; includeInIndex = 0; path = SaveTheKitchen.app; sourceTree = BUILT_PRODUCTS_DIR; };
		5F24679B1E382C75006262BF /* AppDelegate.swift */ = {isa = PBXFileReference; lastKnownFileType = sourcecode.swift; path = AppDelegate.swift; sourceTree = "<group>"; };
		5F24679D1E382C75006262BF /* ViewController.swift */ = {isa = PBXFileReference; lastKnownFileType = sourcecode.swift; path = ViewController.swift; sourceTree = "<group>"; };
		5F2467A01E382C75006262BF /* Base */ = {isa = PBXFileReference; lastKnownFileType = file.storyboard; name = Base; path = Base.lproj/Main.storyboard; sourceTree = "<group>"; };
		5F2467A21E382C75006262BF /* Assets.xcassets */ = {isa = PBXFileReference; lastKnownFileType = folder.assetcatalog; path = Assets.xcassets; sourceTree = "<group>"; };
		5F2467A51E382C75006262BF /* Base */ = {isa = PBXFileReference; lastKnownFileType = file.storyboard; name = Base; path = Base.lproj/LaunchScreen.storyboard; sourceTree = "<group>"; };
		5F2467A71E382C75006262BF /* Info.plist */ = {isa = PBXFileReference; lastKnownFileType = text.plist.xml; path = Info.plist; sourceTree = "<group>"; };
/* End PBXFileReference section */

/* Begin PBXFrameworksBuildPhase section */
		5F2467951E382C75006262BF /* Frameworks */ = {
			isa = PBXFrameworksBuildPhase;
			buildActionMask = 2147483647;
			files = (
			);
			runOnlyForDeploymentPostprocessing = 0;
		};
/* End PBXFrameworksBuildPhase section */

/* Begin PBXGroup section */
		5F24678F1E382C75006262BF = {
			isa = PBXGroup;
			children = (
				5F24679A1E382C75006262BF /* SaveTheKitchen */,
				5F2467991E382C75006262BF /* Products */,
			);
			sourceTree = "<group>";
		};
		5F2467991E382C75006262BF /* Products */ = {
			isa = PBXGroup;
			children = (
				5F2467981E382C75006262BF /* SaveTheKitchen.app */,
			);
			name = Products;
			sourceTree = "<group>";
		};
		5F24679A1E382C75006262BF /* SaveTheKitchen */ = {
			isa = PBXGroup;
			children = (
				5F24679B1E382C75006262BF /* AppDelegate.swift */,
				5F24679D1E382C75006262BF /* ViewController.swift */,
				5F24679F1E382C75006262BF /* Main.storyboard */,
				5F2467A21E382C75006262BF /* Assets.xcassets */,
				5F2467A41E382C75006262BF /* LaunchScreen.storyboard */,
				5F2467A71E382C75006262BF /* Info.plist */,
			);
			path = SaveTheKitchen;
			sourceTree = "<group>";
		};
/* End PBXGroup section */

/* Begin PBXNativeTarget section */
		5F2467971E382C75006262BF /* SaveTheKitchen */ = {
			isa = PBXNativeTarget;
			buildConfigurationList = 5F2467AA1E382C75006262BF /* Build configuration list for PBXNativeTarget "SaveTheKitchen" */;
			buildPhases = (
				5F2467941E382C75006262BF /* Sources */,
				5F2467951E382C75006262BF /* Frameworks */,
				5F2467961E382C75006262BF /* Resources */,
			);
			buildRules = (
			);
			dependencies = (
			);
			name = SaveTheKitchen;
			productName = SaveTheKitchen;
			productReference = 5F2467981E382C75006262BF /* SaveTheKitchen.app */;
			productType = "com.apple.product-type.application";
		};
/* End PBXNativeTarget section */

/* Begin PBXProject section */
		5F2467901E382C75006262BF /* Project object */ = {
			isa = PBXProject;
			attributes = {
				LastSwiftUpdateCheck = 0820;
				LastUpgradeCheck = 0820;
				ORGANIZATIONNAME = Infoathletes;
				TargetAttributes = {
					5F2467971E382C75006262BF = {
						CreatedOnToolsVersion = 8.2;
						ProvisioningStyle = Automatic;
					};
				};
			};
			buildConfigurationList = 5F2467931E382C75006262BF /* Build configuration list for PBXProject "SaveTheKitchen" */;
			compatibilityVersion = "Xcode 3.2";
			developmentRegion = English;
			hasScannedForEncodings = 0;
			knownRegions = (
				en,
				Base,
			);
			mainGroup = 5F24678F1E382C75006262BF;
			productRefGroup = 5F2467991E382C75006262BF /* Products */;
			projectDirPath = "";
			projectRoot = "";
			targets = (
				5F2467971E382C75006262BF /* SaveTheKitchen */,
			);
		};
/* End PBXProject section */

/* Begin PBXResourcesBuildPhase section */
		5F2467961E382C75006262BF /* Resources */ = {
			isa = PBXResourcesBuildPhase;
			buildActionMask = 2147483647;
			files = (
				5F2467A61E382C75006262BF /* LaunchScreen.storyboard in Resources */,
				5F2467A31E382C75006262BF /* Assets.xcassets in Resources */,
				5F2467A11E382C75006262BF /* Main.storyboard in Resources */,
			);
			runOnlyForDeploymentPostprocessing = 0;
		};
/* End PBXResourcesBuildPhase section */

/* Begin PBXSourcesBuildPhase section */
		5F2467941E382C75006262BF /* Sources */ = {
			isa = PBXSourcesBuildPhase;
			buildActionMask = 2147483647;
			files = (
				5F24679E1E382C75006262BF /* ViewController.swift in Sources */,
				5F24679C1E382C75006262BF /* AppDelegate.swift in Sources */,
			);
			runOnlyForDeploymentPostprocessing = 0;
		};
/* End PBXSourcesBuildPhase section */

/* Begin PBXVariantGroup section */
		5F24679F1E382C75006262BF /* Main.storyboard */ = {
			isa = PBXVariantGroup;
			children = (
				5F2467A01E382C75006262BF /* Base */,
			);
			name = Main.storyboard;
			sourceTree = "<group>";
		};
		5F2467A41E382C75006262BF /* LaunchScreen.storyboard */ = {
			isa = PBXVariantGroup;
			children = (
				5F2467A51E382C75006262BF /* Base */,
			);
			name = LaunchScreen.storyboard;
			sourceTree = "<group>";
		};
/* End PBXVariantGroup section */

/* Begin XCBuildConfiguration section */
		5F2467A81E382C75006262BF /* Debug */ = {
			isa = XCBuildConfiguration;
			buildSettings = {
				ALWAYS_SEARCH_USER_PATHS = NO;
				CLANG_ANALYZER_NONNULL = YES;
				CLANG_CXX_LANGUAGE_STANDARD = "gnu++0x";
				CLANG_CXX_LIBRARY = "libc++";
				CLANG_ENABLE_MODULES = YES;
				CLANG_ENABLE_OBJC_ARC = YES;
				CLANG_WARN_BOOL_CONVERSION = YES;
				CLANG_WARN_CONSTANT_CONVERSION = YES;
				CLANG_WARN_DIRECT_OBJC_ISA_USAGE = YES_ERROR;
				CLANG_WARN_DOCUMENTATION_COMMENTS = YES;
				CLANG_WARN_EMPTY_BODY = YES;
				CLANG_WARN_ENUM_CONVERSION = YES;
				CLANG_WARN_INFINITE_RECURSION = YES;
				CLANG_WARN_INT_CONVERSION = YES;
				CLANG_WARN_OBJC_ROOT_CLASS = YES_ERROR;
				CLANG_WARN_SUSPICIOUS_MOVE = YES;
				CLANG_WARN_UNREACHABLE_CODE = YES;
				CLANG_WARN__DUPLICATE_METHOD_MATCH = YES;
				"CODE_SIGN_IDENTITY[sdk=iphoneos*]" = "iPhone Developer";
				COPY_PHASE_STRIP = NO;
				DEBUG_INFORMATION_FORMAT = dwarf;
				ENABLE_STRICT_OBJC_MSGSEND = YES;
				ENABLE_TESTABILITY = YES;
				GCC_C_LANGUAGE_STANDARD = gnu99;
				GCC_DYNAMIC_NO_PIC = NO;
				GCC_NO_COMMON_BLOCKS = YES;
				GCC_OPTIMIZATION_LEVEL = 0;
				GCC_PREPROCESSOR_DEFINITIONS = (
					"DEBUG=1",
					"$(inherited)",
				);
				GCC_WARN_64_TO_32_BIT_CONVERSION = YES;
				GCC_WARN_ABOUT_RETURN_TYPE = YES_ERROR;
				GCC_WARN_UNDECLARED_SELECTOR = YES;
				GCC_WARN_UNINITIALIZED_AUTOS = YES_AGGRESSIVE;
				GCC_WARN_UNUSED_FUNCTION = YES;
				GCC_WARN_UNUSED_VARIABLE = YES;
				IPHONEOS_DEPLOYMENT_TARGET = 10.2;
				MTL_ENABLE_DEBUG_INFO = YES;
				ONLY_ACTIVE_ARCH = YES;
				SDKROOT = iphoneos;
				SWIFT_ACTIVE_COMPILATION_CONDITIONS = DEBUG;
				SWIFT_OPTIMIZATION_LEVEL = "-Onone";
			};
			name = Debug;
		};
		5F2467A91E382C75006262BF /* Release */ = {
			isa = XCBuildConfiguration;
			buildSettings = {
				ALWAYS_SEARCH_USER_PATHS = NO;
				CLANG_ANALYZER_NONNULL = YES;
				CLANG_CXX_LANGUAGE_STANDARD = "gnu++0x";
				CLANG_CXX_LIBRARY = "libc++";
				CLANG_ENABLE_MODULES = YES;
				CLANG_ENABLE_OBJC_ARC = YES;
				CLANG_WARN_BOOL_CONVERSION = YES;
				CLANG_WARN_CONSTANT_CONVERSION = YES;
				CLANG_WARN_DIRECT_OBJC_ISA_USAGE = YES_ERROR;
				CLANG_WARN_DOCUMENTATION_COMMENTS = YES;
				CLANG_WARN_EMPTY_BODY = YES;
				CLANG_WARN_ENUM_CONVERSION = YES;
				CLANG_WARN_INFINITE_RECURSION = YES;
				CLANG_WARN_INT_CONVERSION = YES;
				CLANG_WARN_OBJC_ROOT_CLASS = YES_ERROR;
				CLANG_WARN_SUSPICIOUS_MOVE = YES;
				CLANG_WARN_UNREACHABLE_CODE = YES;
				CLANG_WARN__DUPLICATE_METHOD_MATCH = YES;
				"CODE_SIGN_IDENTITY[sdk=iphoneos*]" = "iPhone Developer";
				COPY_PHASE_STRIP = NO;
				DEBUG_INFORMATION_FORMAT = "dwarf-with-dsym";
				ENABLE_NS_ASSERTIONS = NO;
				ENABLE_STRICT_OBJC_MSGSEND = YES;
				GCC_C_LANGUAGE_STANDARD = gnu99;
				GCC_NO_COMMON_BLOCKS = YES;
				GCC_WARN_64_TO_32_BIT_CONVERSION = YES;
				GCC_WARN_ABOUT_RETURN_TYPE = YES_ERROR;
				GCC_WARN_UNDECLARED_SELECTOR = YES;
				GCC_WARN_UNINITIALIZED_AUTOS = YES_AGGRESSIVE;
				GCC_WARN_UNUSED_FUNCTION = YES;
				GCC_WARN_UNUSED_VARIABLE = YES;
				IPHONEOS_DEPLOYMENT_TARGET = 10.2;
				MTL_ENABLE_DEBUG_INFO = NO;
				SDKROOT = iphoneos;
				SWIFT_OPTIMIZATION_LEVEL = "-Owholemodule";
				VALIDATE_PRODUCT = YES;
			};
			name = Release;
		};
		5F2467AB1E382C75006262BF /* Debug */ = {
			isa = XCBuildConfiguration;
			buildSettings = {
				ASSETCATALOG_COMPILER_APPICON_NAME = AppIcon;
				INFOPLIST_FILE = SaveTheKitchen/Info.plist;
				LD_RUNPATH_SEARCH_PATHS = "$(inherited) @executable_path/Frameworks";
				PRODUCT_BUNDLE_IDENTIFIER = com.infoathletes.SaveTheKitchen;
				PRODUCT_NAME = "$(TARGET_NAME)";
				SWIFT_VERSION = 3.0;
			};
			name = Debug;
		};
		5F2467AC1E382C75006262BF /* Release */ = {
			isa = XCBuildConfiguration;
			buildSettings = {
				ASSETCATALOG_COMPILER_APPICON_NAME = AppIcon;
				INFOPLIST_FILE = SaveTheKitchen/Info.plist;
				LD_RUNPATH_SEARCH_PATHS = "$(inherited) @executable_path/Frameworks";
				PRODUCT_BUNDLE_IDENTIFIER = com.infoathletes.SaveTheKitchen;
				PRODUCT_NAME = "$(TARGET_NAME)";
				SWIFT_VERSION = 3.0;
			};
			name = Release;
		};
/* End XCBuildConfiguration section */

/* Begin XCConfigurationList section */
		5F2467931E382C75006262BF /* Build configuration list for PBXProject "SaveTheKitchen" */ = {
			isa = XCConfigurationList;
			buildConfigurations = (
				5F2467A81E382C75006262BF /* Debug */,
				5F2467A91E382C75006262BF /* Release */,
			);
			defaultConfigurationIsVisible = 0;
			defaultConfigurationName = Release;
		};
		5F2467AA1E382C75006262BF /* Build configuration list for PBXNativeTarget "SaveTheKitchen" */ = {
			isa = XCConfigurationList;
			buildConfigurations = (
				5F2467AB1E382C75006262BF /* Debug */,
				5F2467AC1E382C75006262BF /* Release */,
			);
			defaultConfigurationIsVisible = 0;
		};
/* End XCConfigurationList section */
	};
	rootObject = 5F2467901E382C75006262BF /* Project object */;
}
